
Microsoft Visual Studio Solution File, Format Version 12.00
# Visual Studio Version 17
VisualStudioVersion = 17.13.35919.96 d17.13
MinimumVisualStudioVersion = 10.0.40219.1
Project("{FAE04EC0-301F-11D3-BF4B-00C04F79EFBC}") = "ScheduleVaccineRazor", "ScheduleVaccineRazor\ScheduleVaccineRazor.csproj", "{5B63174D-400B-49B3-9E9F-FD4ECA5ED6CA}"
EndProject
Global
	GlobalSection(SolutionConfigurationPlatforms) = preSolution
		Debug|Any CPU = Debug|Any CPU
		Release|Any CPU = Release|Any CPU
	EndGlobalSection
	GlobalSection(ProjectConfigurationPlatforms) = postSolution
		{5B63174D-400B-49B3-9E9F-FD4ECA5ED6CA}.Debug|Any CPU.ActiveCfg = Debug|Any CPU
		{5B63174D-400B-49B3-9E9F-FD4ECA5ED6CA}.Debug|Any CPU.Build.0 = Debug|Any CPU
		{5B63174D-400B-49B3-9E9F-FD4ECA5ED6CA}.Release|Any CPU.ActiveCfg = Release|Any CPU
		{5B63174D-400B-49B3-9E9F-FD4ECA5ED6CA}.Release|Any CPU.Build.0 = Release|Any CPU
	EndGlobalSection
	GlobalSection(SolutionProperties) = preSolution
		HideSolutionNode = FALSE
	EndGlobalSection
	GlobalSection(ExtensibilityGlobals) = postSolution
		SolutionGuid = {788CCBC4-473C-4798-9DCD-183D06C053AB}
	EndGlobalSection
EndGlobal
